
Microsoft Visual Studio Solution File, Format Version 12.00
# Visual Studio Version 17
VisualStudioVersion = 17.11.35327.3
MinimumVisualStudioVersion = 10.0.40219.1
Project("{2150E333-8FDC-42A3-9474-1A3956D46DE8}") = "Solution Items", "Solution Items", "{7A44E9D0-07EE-493B-A314-350F9AB41554}"
	ProjectSection(SolutionItems) = preProject
		.env = .env
		docker-compose.yml = docker-compose.yml
		README.md = README.md
	EndProjectSection
EndProject
Project("{2150E333-8FDC-42A3-9474-1A3956D46DE8}") = "services", "services", "{C56AD95F-DC9B-45BA-8402-0E1CC379E569}"
EndProject
Project("{2150E333-8FDC-42A3-9474-1A3956D46DE8}") = "AuthService", "AuthService", "{1FA56BC6-8E85-4E94-9A9F-8B90BCF9900B}"
EndProject
Project("{9A19103F-16F7-4668-BE54-9A1E7A4F7556}") = "AuthService.Application", "services\AuthService\AuthService.Application\AuthService.Application.csproj", "{2AE057DF-CF48-4E82-A97D-A3EDBD242E1A}"
EndProject
Project("{9A19103F-16F7-4668-BE54-9A1E7A4F7556}") = "AuthService.Domain", "services\AuthService\AuthService.Domain\AuthService.Domain.csproj", "{2AF9D3A5-50CB-4902-A02D-8A6E174A826B}"
EndProject
Project("{9A19103F-16F7-4668-BE54-9A1E7A4F7556}") = "AuthService.Infrastructure", "services\AuthService\AuthService.Infrastructure\AuthService.Infrastructure.csproj", "{02D81F1F-C1E4-4BC5-BBEB-B1C23AF392A3}"
EndProject
Project("{9A19103F-16F7-4668-BE54-9A1E7A4F7556}") = "AuthService.Persistence", "services\AuthService\AuthService.Persistence\AuthService.Persistence.csproj", "{91FD7F32-CBC8-44E2-9029-D79A96DA7642}"
EndProject
Project("{2150E333-8FDC-42A3-9474-1A3956D46DE8}") = "ClubService", "ClubService", "{FCB68FE8-D080-4987-AC0A-F1211E1FFAD9}"
EndProject
Project("{9A19103F-16F7-4668-BE54-9A1E7A4F7556}") = "ClubService.Domain", "services\ClubService\ClubService.Domain\ClubService.Domain.csproj", "{338F054C-A2E7-42EF-928E-CFC3B3A547FA}"
EndProject
Project("{9A19103F-16F7-4668-BE54-9A1E7A4F7556}") = "ClubService.Application", "services\ClubService\ClubService.Application\ClubService.Application.csproj", "{A11619D8-A829-40C2-B9CF-78D36B1EBA2C}"
EndProject
Project("{9A19103F-16F7-4668-BE54-9A1E7A4F7556}") = "ClubService.Infrastructure", "services\ClubService\ClubService.Infrastructure\ClubService.Infrastructure.csproj", "{408778E6-5898-49C8-9212-40E55004AD99}"
EndProject
Project("{9A19103F-16F7-4668-BE54-9A1E7A4F7556}") = "ClubService.Persistence", "services\ClubService\ClubService.Persistence\ClubService.Persistence.csproj", "{210E753C-7739-4159-9989-4AC73367074F}"
EndProject
Project("{9A19103F-16F7-4668-BE54-9A1E7A4F7556}") = "AuthService.API", "services\AuthService\AuthService.API\AuthService.API.csproj", "{98D72A66-BA73-475A-BCC1-62FF1ACC5A6D}"
EndProject
Project("{9A19103F-16F7-4668-BE54-9A1E7A4F7556}") = "ClubService.API", "services\ClubService\ClubService.API\ClubService.API.csproj", "{E1B8C5E6-1685-43EB-ADE7-703D7056FE0D}"
EndProject
Project("{2150E333-8FDC-42A3-9474-1A3956D46DE8}") = "MembershipService", "MembershipService", "{73A20F6F-6258-4181-AD55-95BF98C24761}"
EndProject
Project("{9A19103F-16F7-4668-BE54-9A1E7A4F7556}") = "MembershipService.API", "services\MembershipService\MembershipService.API\MembershipService.API.csproj", "{42C29E2D-AA68-4E42-A169-825CF7A2F86B}"
EndProject
Project("{9A19103F-16F7-4668-BE54-9A1E7A4F7556}") = "MembershipService.Application", "services\MembershipService\MembershipService.Application\MembershipService.Application.csproj", "{D0737DFA-4F69-40D7-8845-BE9346C72DA5}"
EndProject
Project("{9A19103F-16F7-4668-BE54-9A1E7A4F7556}") = "MembershipService.Domain", "services\MembershipService\MembershipService.Domain\MembershipService.Domain.csproj", "{ED009BA3-2CD7-4D76-B2A4-37EF09C35377}"
EndProject
Project("{9A19103F-16F7-4668-BE54-9A1E7A4F7556}") = "MembershipService.Infrastructure", "services\MembershipService\MembershipService.Infrastructure\MembershipService.Infrastructure.csproj", "{7DC3DB3C-18E6-4850-9C1E-ABFA27083778}"
EndProject
Project("{9A19103F-16F7-4668-BE54-9A1E7A4F7556}") = "MembershipService.Persistence", "services\MembershipService\MembershipService.Persistence\MembershipService.Persistence.csproj", "{FAAA4E21-976C-452F-8821-5B583BB6B7B9}"
EndProject
Project("{2150E333-8FDC-42A3-9474-1A3956D46DE8}") = "EventService", "EventService", "{7B97FBD1-3B45-46B5-B4AF-0E52AEE4686A}"
EndProject
Project("{9A19103F-16F7-4668-BE54-9A1E7A4F7556}") = "EventService.Application", "services\EventService\EventService.Application\EventService.Application.csproj", "{9EDA04C9-6AB6-4A69-9912-659F512887AF}"
EndProject
Project("{9A19103F-16F7-4668-BE54-9A1E7A4F7556}") = "EventService.Domain", "services\EventService\EventService.Domain\EventService.Domain.csproj", "{4FF22C9A-1F9B-4869-A145-2D4DA86CD445}"
EndProject
Project("{9A19103F-16F7-4668-BE54-9A1E7A4F7556}") = "EventService.Infrastructure", "services\EventService\EventService.Infrastructure\EventService.Infrastructure.csproj", "{7BAB0E20-1D32-446B-94AC-D4BE05BD8B99}"
EndProject
Project("{9A19103F-16F7-4668-BE54-9A1E7A4F7556}") = "EventService.Persistence", "services\EventService\EventService.Persistence\EventService.Persistence.csproj", "{4520C35A-D603-474F-B514-6831571D3EA4}"
EndProject
Project("{9A19103F-16F7-4668-BE54-9A1E7A4F7556}") = "EventService.API", "services\EventService\EventService.API\EventService.API.csproj", "{F4E096E6-5FF7-4FF9-9E20-000C54CC1903}"
EndProject
Project("{2150E333-8FDC-42A3-9474-1A3956D46DE8}") = "NotificationService", "NotificationService", "{2C75FC03-210D-47EF-A95B-A60869DC36DB}"
EndProject
Project("{FAE04EC0-301F-11D3-BF4B-00C04F79EFBC}") = "NotificationService.API", "services\NotificationService\NotificationService.API\NotificationService.API.csproj", "{80FB425C-5D97-4D3A-B3BF-42F88FED9D00}"
EndProject
Project("{FAE04EC0-301F-11D3-BF4B-00C04F79EFBC}") = "NotificationService.Application", "services\NotificationService\NotificationService.Application\NotificationService.Application.csproj", "{434C0737-6F29-4841-BB3A-764AABA12E99}"
EndProject
Project("{FAE04EC0-301F-11D3-BF4B-00C04F79EFBC}") = "NotificationService.Domain", "services\NotificationService\NotificationService.Domain\NotificationService.Domain.csproj", "{175A4833-026F-47BD-A516-3E242F965581}"
EndProject
Project("{FAE04EC0-301F-11D3-BF4B-00C04F79EFBC}") = "NotificationService.Infrastructure", "services\NotificationService\NotificationService.Infrastructure\NotificationService.Infrastructure.csproj", "{84130481-2DBF-4A9F-AE03-D7C56BD88884}"
EndProject
Project("{FAE04EC0-301F-11D3-BF4B-00C04F79EFBC}") = "UniClub.Shared", "UniClub.Shared\UniClub.Shared.csproj", "{0665A90E-0A9E-4B63-8B72-BD3B23AA90AB}"
EndProject
Global
	GlobalSection(SolutionConfigurationPlatforms) = preSolution
		Debug|Any CPU = Debug|Any CPU
		Release|Any CPU = Release|Any CPU
	EndGlobalSection
	GlobalSection(ProjectConfigurationPlatforms) = postSolution
		{2AE057DF-CF48-4E82-A97D-A3EDBD242E1A}.Debug|Any CPU.ActiveCfg = Debug|Any CPU
		{2AE057DF-CF48-4E82-A97D-A3EDBD242E1A}.Debug|Any CPU.Build.0 = Debug|Any CPU
		{2AE057DF-CF48-4E82-A97D-A3EDBD242E1A}.Release|Any CPU.ActiveCfg = Release|Any CPU
		{2AE057DF-CF48-4E82-A97D-A3EDBD242E1A}.Release|Any CPU.Build.0 = Release|Any CPU
		{2AF9D3A5-50CB-4902-A02D-8A6E174A826B}.Debug|Any CPU.ActiveCfg = Debug|Any CPU
		{2AF9D3A5-50CB-4902-A02D-8A6E174A826B}.Debug|Any CPU.Build.0 = Debug|Any CPU
		{2AF9D3A5-50CB-4902-A02D-8A6E174A826B}.Release|Any CPU.ActiveCfg = Release|Any CPU
		{2AF9D3A5-50CB-4902-A02D-8A6E174A826B}.Release|Any CPU.Build.0 = Release|Any CPU
		{02D81F1F-C1E4-4BC5-BBEB-B1C23AF392A3}.Debug|Any CPU.ActiveCfg = Debug|Any CPU
		{02D81F1F-C1E4-4BC5-BBEB-B1C23AF392A3}.Debug|Any CPU.Build.0 = Debug|Any CPU
		{02D81F1F-C1E4-4BC5-BBEB-B1C23AF392A3}.Release|Any CPU.ActiveCfg = Release|Any CPU
		{02D81F1F-C1E4-4BC5-BBEB-B1C23AF392A3}.Release|Any CPU.Build.0 = Release|Any CPU
		{91FD7F32-CBC8-44E2-9029-D79A96DA7642}.Debug|Any CPU.ActiveCfg = Debug|Any CPU
		{91FD7F32-CBC8-44E2-9029-D79A96DA7642}.Debug|Any CPU.Build.0 = Debug|Any CPU
		{91FD7F32-CBC8-44E2-9029-D79A96DA7642}.Release|Any CPU.ActiveCfg = Release|Any CPU
		{91FD7F32-CBC8-44E2-9029-D79A96DA7642}.Release|Any CPU.Build.0 = Release|Any CPU
		{338F054C-A2E7-42EF-928E-CFC3B3A547FA}.Debug|Any CPU.ActiveCfg = Debug|Any CPU
		{338F054C-A2E7-42EF-928E-CFC3B3A547FA}.Debug|Any CPU.Build.0 = Debug|Any CPU
		{338F054C-A2E7-42EF-928E-CFC3B3A547FA}.Release|Any CPU.ActiveCfg = Release|Any CPU
		{338F054C-A2E7-42EF-928E-CFC3B3A547FA}.Release|Any CPU.Build.0 = Release|Any CPU
		{A11619D8-A829-40C2-B9CF-78D36B1EBA2C}.Debug|Any CPU.ActiveCfg = Debug|Any CPU
		{A11619D8-A829-40C2-B9CF-78D36B1EBA2C}.Debug|Any CPU.Build.0 = Debug|Any CPU
		{A11619D8-A829-40C2-B9CF-78D36B1EBA2C}.Release|Any CPU.ActiveCfg = Release|Any CPU
		{A11619D8-A829-40C2-B9CF-78D36B1EBA2C}.Release|Any CPU.Build.0 = Release|Any CPU
		{408778E6-5898-49C8-9212-40E55004AD99}.Debug|Any CPU.ActiveCfg = Debug|Any CPU
		{408778E6-5898-49C8-9212-40E55004AD99}.Debug|Any CPU.Build.0 = Debug|Any CPU
		{408778E6-5898-49C8-9212-40E55004AD99}.Release|Any CPU.ActiveCfg = Release|Any CPU
		{408778E6-5898-49C8-9212-40E55004AD99}.Release|Any CPU.Build.0 = Release|Any CPU
		{210E753C-7739-4159-9989-4AC73367074F}.Debug|Any CPU.ActiveCfg = Debug|Any CPU
		{210E753C-7739-4159-9989-4AC73367074F}.Debug|Any CPU.Build.0 = Debug|Any CPU
		{210E753C-7739-4159-9989-4AC73367074F}.Release|Any CPU.ActiveCfg = Release|Any CPU
		{210E753C-7739-4159-9989-4AC73367074F}.Release|Any CPU.Build.0 = Release|Any CPU
		{98D72A66-BA73-475A-BCC1-62FF1ACC5A6D}.Debug|Any CPU.ActiveCfg = Debug|Any CPU
		{98D72A66-BA73-475A-BCC1-62FF1ACC5A6D}.Debug|Any CPU.Build.0 = Debug|Any CPU
		{98D72A66-BA73-475A-BCC1-62FF1ACC5A6D}.Release|Any CPU.ActiveCfg = Release|Any CPU
		{98D72A66-BA73-475A-BCC1-62FF1ACC5A6D}.Release|Any CPU.Build.0 = Release|Any CPU
		{E1B8C5E6-1685-43EB-ADE7-703D7056FE0D}.Debug|Any CPU.ActiveCfg = Debug|Any CPU
		{E1B8C5E6-1685-43EB-ADE7-703D7056FE0D}.Debug|Any CPU.Build.0 = Debug|Any CPU
		{E1B8C5E6-1685-43EB-ADE7-703D7056FE0D}.Release|Any CPU.ActiveCfg = Release|Any CPU
		{E1B8C5E6-1685-43EB-ADE7-703D7056FE0D}.Release|Any CPU.Build.0 = Release|Any CPU
		{42C29E2D-AA68-4E42-A169-825CF7A2F86B}.Debug|Any CPU.ActiveCfg = Debug|Any CPU
		{42C29E2D-AA68-4E42-A169-825CF7A2F86B}.Debug|Any CPU.Build.0 = Debug|Any CPU
		{42C29E2D-AA68-4E42-A169-825CF7A2F86B}.Release|Any CPU.ActiveCfg = Release|Any CPU
		{42C29E2D-AA68-4E42-A169-825CF7A2F86B}.Release|Any CPU.Build.0 = Release|Any CPU
		{D0737DFA-4F69-40D7-8845-BE9346C72DA5}.Debug|Any CPU.ActiveCfg = Debug|Any CPU
		{D0737DFA-4F69-40D7-8845-BE9346C72DA5}.Debug|Any CPU.Build.0 = Debug|Any CPU
		{D0737DFA-4F69-40D7-8845-BE9346C72DA5}.Release|Any CPU.ActiveCfg = Release|Any CPU
		{D0737DFA-4F69-40D7-8845-BE9346C72DA5}.Release|Any CPU.Build.0 = Release|Any CPU
		{ED009BA3-2CD7-4D76-B2A4-37EF09C35377}.Debug|Any CPU.ActiveCfg = Debug|Any CPU
		{ED009BA3-2CD7-4D76-B2A4-37EF09C35377}.Debug|Any CPU.Build.0 = Debug|Any CPU
		{ED009BA3-2CD7-4D76-B2A4-37EF09C35377}.Release|Any CPU.ActiveCfg = Release|Any CPU
		{ED009BA3-2CD7-4D76-B2A4-37EF09C35377}.Release|Any CPU.Build.0 = Release|Any CPU
		{7DC3DB3C-18E6-4850-9C1E-ABFA27083778}.Debug|Any CPU.ActiveCfg = Debug|Any CPU
		{7DC3DB3C-18E6-4850-9C1E-ABFA27083778}.Debug|Any CPU.Build.0 = Debug|Any CPU
		{7DC3DB3C-18E6-4850-9C1E-ABFA27083778}.Release|Any CPU.ActiveCfg = Release|Any CPU
		{7DC3DB3C-18E6-4850-9C1E-ABFA27083778}.Release|Any CPU.Build.0 = Release|Any CPU
		{FAAA4E21-976C-452F-8821-5B583BB6B7B9}.Debug|Any CPU.ActiveCfg = Debug|Any CPU
		{FAAA4E21-976C-452F-8821-5B583BB6B7B9}.Debug|Any CPU.Build.0 = Debug|Any CPU
		{FAAA4E21-976C-452F-8821-5B583BB6B7B9}.Release|Any CPU.ActiveCfg = Release|Any CPU
		{FAAA4E21-976C-452F-8821-5B583BB6B7B9}.Release|Any CPU.Build.0 = Release|Any CPU
		{9EDA04C9-6AB6-4A69-9912-659F512887AF}.Debug|Any CPU.ActiveCfg = Debug|Any CPU
		{9EDA04C9-6AB6-4A69-9912-659F512887AF}.Debug|Any CPU.Build.0 = Debug|Any CPU
		{9EDA04C9-6AB6-4A69-9912-659F512887AF}.Release|Any CPU.ActiveCfg = Release|Any CPU
		{9EDA04C9-6AB6-4A69-9912-659F512887AF}.Release|Any CPU.Build.0 = Release|Any CPU
		{4FF22C9A-1F9B-4869-A145-2D4DA86CD445}.Debug|Any CPU.ActiveCfg = Debug|Any CPU
		{4FF22C9A-1F9B-4869-A145-2D4DA86CD445}.Debug|Any CPU.Build.0 = Debug|Any CPU
		{4FF22C9A-1F9B-4869-A145-2D4DA86CD445}.Release|Any CPU.ActiveCfg = Release|Any CPU
		{4FF22C9A-1F9B-4869-A145-2D4DA86CD445}.Release|Any CPU.Build.0 = Release|Any CPU
		{7BAB0E20-1D32-446B-94AC-D4BE05BD8B99}.Debug|Any CPU.ActiveCfg = Debug|Any CPU
		{7BAB0E20-1D32-446B-94AC-D4BE05BD8B99}.Debug|Any CPU.Build.0 = Debug|Any CPU
		{7BAB0E20-1D32-446B-94AC-D4BE05BD8B99}.Release|Any CPU.ActiveCfg = Release|Any CPU
		{7BAB0E20-1D32-446B-94AC-D4BE05BD8B99}.Release|Any CPU.Build.0 = Release|Any CPU
		{4520C35A-D603-474F-B514-6831571D3EA4}.Debug|Any CPU.ActiveCfg = Debug|Any CPU
		{4520C35A-D603-474F-B514-6831571D3EA4}.Debug|Any CPU.Build.0 = Debug|Any CPU
		{4520C35A-D603-474F-B514-6831571D3EA4}.Release|Any CPU.ActiveCfg = Release|Any CPU
		{4520C35A-D603-474F-B514-6831571D3EA4}.Release|Any CPU.Build.0 = Release|Any CPU
		{F4E096E6-5FF7-4FF9-9E20-000C54CC1903}.Debug|Any CPU.ActiveCfg = Debug|Any CPU
		{F4E096E6-5FF7-4FF9-9E20-000C54CC1903}.Debug|Any CPU.Build.0 = Debug|Any CPU
		{F4E096E6-5FF7-4FF9-9E20-000C54CC1903}.Release|Any CPU.ActiveCfg = Release|Any CPU
		{F4E096E6-5FF7-4FF9-9E20-000C54CC1903}.Release|Any CPU.Build.0 = Release|Any CPU
		{80FB425C-5D97-4D3A-B3BF-42F88FED9D00}.Debug|Any CPU.ActiveCfg = Debug|Any CPU
		{80FB425C-5D97-4D3A-B3BF-42F88FED9D00}.Debug|Any CPU.Build.0 = Debug|Any CPU
		{80FB425C-5D97-4D3A-B3BF-42F88FED9D00}.Release|Any CPU.ActiveCfg = Release|Any CPU
		{80FB425C-5D97-4D3A-B3BF-42F88FED9D00}.Release|Any CPU.Build.0 = Release|Any CPU
		{434C0737-6F29-4841-BB3A-764AABA12E99}.Debug|Any CPU.ActiveCfg = Debug|Any CPU
		{434C0737-6F29-4841-BB3A-764AABA12E99}.Debug|Any CPU.Build.0 = Debug|Any CPU
		{434C0737-6F29-4841-BB3A-764AABA12E99}.Release|Any CPU.ActiveCfg = Release|Any CPU
		{434C0737-6F29-4841-BB3A-764AABA12E99}.Release|Any CPU.Build.0 = Release|Any CPU
		{175A4833-026F-47BD-A516-3E242F965581}.Debug|Any CPU.ActiveCfg = Debug|Any CPU
		{175A4833-026F-47BD-A516-3E242F965581}.Debug|Any CPU.Build.0 = Debug|Any CPU
		{175A4833-026F-47BD-A516-3E242F965581}.Release|Any CPU.ActiveCfg = Release|Any CPU
		{175A4833-026F-47BD-A516-3E242F965581}.Release|Any CPU.Build.0 = Release|Any CPU
		{84130481-2DBF-4A9F-AE03-D7C56BD88884}.Debug|Any CPU.ActiveCfg = Debug|Any CPU
		{84130481-2DBF-4A9F-AE03-D7C56BD88884}.Debug|Any CPU.Build.0 = Debug|Any CPU
		{84130481-2DBF-4A9F-AE03-D7C56BD88884}.Release|Any CPU.ActiveCfg = Release|Any CPU
		{84130481-2DBF-4A9F-AE03-D7C56BD88884}.Release|Any CPU.Build.0 = Release|Any CPU
		{0665A90E-0A9E-4B63-8B72-BD3B23AA90AB}.Debug|Any CPU.ActiveCfg = Debug|Any CPU
		{0665A90E-0A9E-4B63-8B72-BD3B23AA90AB}.Debug|Any CPU.Build.0 = Debug|Any CPU
		{0665A90E-0A9E-4B63-8B72-BD3B23AA90AB}.Release|Any CPU.ActiveCfg = Release|Any CPU
		{0665A90E-0A9E-4B63-8B72-BD3B23AA90AB}.Release|Any CPU.Build.0 = Release|Any CPU
	EndGlobalSection
	GlobalSection(SolutionProperties) = preSolution
		HideSolutionNode = FALSE
	EndGlobalSection
	GlobalSection(NestedProjects) = preSolution
		{1FA56BC6-8E85-4E94-9A9F-8B90BCF9900B} = {C56AD95F-DC9B-45BA-8402-0E1CC379E569}
		{2AE057DF-CF48-4E82-A97D-A3EDBD242E1A} = {1FA56BC6-8E85-4E94-9A9F-8B90BCF9900B}
		{2AF9D3A5-50CB-4902-A02D-8A6E174A826B} = {1FA56BC6-8E85-4E94-9A9F-8B90BCF9900B}
		{02D81F1F-C1E4-4BC5-BBEB-B1C23AF392A3} = {1FA56BC6-8E85-4E94-9A9F-8B90BCF9900B}
		{91FD7F32-CBC8-44E2-9029-D79A96DA7642} = {1FA56BC6-8E85-4E94-9A9F-8B90BCF9900B}
		{FCB68FE8-D080-4987-AC0A-F1211E1FFAD9} = {C56AD95F-DC9B-45BA-8402-0E1CC379E569}
		{338F054C-A2E7-42EF-928E-CFC3B3A547FA} = {FCB68FE8-D080-4987-AC0A-F1211E1FFAD9}
		{A11619D8-A829-40C2-B9CF-78D36B1EBA2C} = {FCB68FE8-D080-4987-AC0A-F1211E1FFAD9}
		{408778E6-5898-49C8-9212-40E55004AD99} = {FCB68FE8-D080-4987-AC0A-F1211E1FFAD9}
		{210E753C-7739-4159-9989-4AC73367074F} = {FCB68FE8-D080-4987-AC0A-F1211E1FFAD9}
		{98D72A66-BA73-475A-BCC1-62FF1ACC5A6D} = {1FA56BC6-8E85-4E94-9A9F-8B90BCF9900B}
		{E1B8C5E6-1685-43EB-ADE7-703D7056FE0D} = {FCB68FE8-D080-4987-AC0A-F1211E1FFAD9}
		{73A20F6F-6258-4181-AD55-95BF98C24761} = {C56AD95F-DC9B-45BA-8402-0E1CC379E569}
		{42C29E2D-AA68-4E42-A169-825CF7A2F86B} = {73A20F6F-6258-4181-AD55-95BF98C24761}
		{D0737DFA-4F69-40D7-8845-BE9346C72DA5} = {73A20F6F-6258-4181-AD55-95BF98C24761}
		{ED009BA3-2CD7-4D76-B2A4-37EF09C35377} = {73A20F6F-6258-4181-AD55-95BF98C24761}
		{7DC3DB3C-18E6-4850-9C1E-ABFA27083778} = {73A20F6F-6258-4181-AD55-95BF98C24761}
		{FAAA4E21-976C-452F-8821-5B583BB6B7B9} = {73A20F6F-6258-4181-AD55-95BF98C24761}
		{7B97FBD1-3B45-46B5-B4AF-0E52AEE4686A} = {C56AD95F-DC9B-45BA-8402-0E1CC379E569}
		{9EDA04C9-6AB6-4A69-9912-659F512887AF} = {7B97FBD1-3B45-46B5-B4AF-0E52AEE4686A}
		{4FF22C9A-1F9B-4869-A145-2D4DA86CD445} = {7B97FBD1-3B45-46B5-B4AF-0E52AEE4686A}
		{7BAB0E20-1D32-446B-94AC-D4BE05BD8B99} = {7B97FBD1-3B45-46B5-B4AF-0E52AEE4686A}
		{4520C35A-D603-474F-B514-6831571D3EA4} = {7B97FBD1-3B45-46B5-B4AF-0E52AEE4686A}
		{F4E096E6-5FF7-4FF9-9E20-000C54CC1903} = {7B97FBD1-3B45-46B5-B4AF-0E52AEE4686A}
		{2C75FC03-210D-47EF-A95B-A60869DC36DB} = {C56AD95F-DC9B-45BA-8402-0E1CC379E569}
		{80FB425C-5D97-4D3A-B3BF-42F88FED9D00} = {2C75FC03-210D-47EF-A95B-A60869DC36DB}
		{434C0737-6F29-4841-BB3A-764AABA12E99} = {2C75FC03-210D-47EF-A95B-A60869DC36DB}
		{175A4833-026F-47BD-A516-3E242F965581} = {2C75FC03-210D-47EF-A95B-A60869DC36DB}
		{84130481-2DBF-4A9F-AE03-D7C56BD88884} = {2C75FC03-210D-47EF-A95B-A60869DC36DB}
	EndGlobalSection
	GlobalSection(ExtensibilityGlobals) = postSolution
		SolutionGuid = {44ADEA72-93C1-4D0A-AC2E-54636995C1A7}
	EndGlobalSection
EndGlobal
